
Microsoft Visual Studio Solution File, Format Version 12.00
# Visual Studio Version 17
VisualStudioVersion = 17.2.32519.379
MinimumVisualStudioVersion = 10.0.40219.1
Project("{FAE04EC0-301F-11D3-BF4B-00C04F79EFBC}") = "PatternsAPI", "PatternAPI\PatternsAPI.csproj", "{D2DC87B5-3622-4CA9-9AAF-1D48920F13EF}"
EndProject
Global
	GlobalSection(SolutionConfigurationPlatforms) = preSolution
		Debug|Any CPU = Debug|Any CPU
		Release|Any CPU = Release|Any CPU
	EndGlobalSection
	GlobalSection(ProjectConfigurationPlatforms) = postSolution
		{D2DC87B5-3622-4CA9-9AAF-1D48920F13EF}.Debug|Any CPU.ActiveCfg = Debug|Any CPU
		{D2DC87B5-3622-4CA9-9AAF-1D48920F13EF}.Debug|Any CPU.Build.0 = Debug|Any CPU
		{D2DC87B5-3622-4CA9-9AAF-1D48920F13EF}.Release|Any CPU.ActiveCfg = Release|Any CPU
		{D2DC87B5-3622-4CA9-9AAF-1D48920F13EF}.Release|Any CPU.Build.0 = Release|Any CPU
	EndGlobalSection
	GlobalSection(SolutionProperties) = preSolution
		HideSolutionNode = FALSE
	EndGlobalSection
	GlobalSection(ExtensibilityGlobals) = postSolution
		SolutionGuid = {F17DE625-CFFE-48EB-B78B-67612FFBBAAE}
	EndGlobalSection
EndGlobal
